<?xml version="1.0" encoding="utf-8"?>
<Project ToolsVersion="4.0" xmlns="http://schemas.microsoft.com/developer/msbuild/2003">
  <ItemGroup>
    <Filter Include="소스 파일">
      <UniqueIdentifier>{4FC737F1-C7A5-4376-A066-2A32D752A2FF}</UniqueIdentifier>
      <Extensions>cpp;c;cc;cxx;c++;cppm;ixx;def;odl;idl;hpj;bat;asm;asmx</Extensions>
    </Filter>
    <Filter Include="헤더 파일">
      <UniqueIdentifier>{93995380-89BD-4b04-88EB-625FBE52EBFB}</UniqueIdentifier>
      <Extensions>h;hh;hpp;hxx;h++;hm;inl;inc;ipp;xsd</Extensions>
    </Filter>
    <Filter Include="리소스 파일">
      <UniqueIdentifier>{67DA6AB6-F800-4c08-8B7A-83BB121AAD01}</UniqueIdentifier>
      <Extensions>rc;ico;cur;bmp;dlg;rc2;rct;bin;rgs;gif;jpg;jpeg;jpe;resx;tiff;tif;png;wav;mfcribbon-ms</Extensions>
    </Filter>
  </ItemGroup>
  <ItemGroup>
    <ClCompile Include="1201김기홍.c">
      <Filter>소스 파일</Filter>
    </ClCompile>
    <ClCompile Include="1202김동우.c">
      <Filter>소스 파일</Filter>
    </ClCompile>
    <ClCompile Include="1203김승윤.c">
      <Filter>소스 파일</Filter>
    </ClCompile>
    <ClCompile Include="1204김현수.c">
      <Filter>소스 파일</Filter>
    </ClCompile>
    <ClCompile Include="1205박재원.c">
      <Filter>소스 파일</Filter>
    </ClCompile>
    <ClCompile Include="1206박주형.c">
      <Filter>소스 파일</Filter>
    </ClCompile>
    <ClCompile Include="1207박진우.c">
      <Filter>소스 파일</Filter>
    </ClCompile>
    <ClCompile Include="1208신동민.c">
      <Filter>소스 파일</Filter>
    </ClCompile>
    <ClCompile Include="1209염예찬.c">
      <Filter>소스 파일</Filter>
    </ClCompile>
    <ClCompile Include="1210이유겸.c">
      <Filter>소스 파일</Filter>
    </ClCompile>
    <ClCompile Include="1211이재윤.c">
      <Filter>소스 파일</Filter>
    </ClCompile>
    <ClCompile Include="1212이정무.c">
      <Filter>소스 파일</Filter>
    </ClCompile>
    <ClCompile Include="1213이정민.c">
      <Filter>소스 파일</Filter>
    </ClCompile>
    <ClCompile Include="1214임경훈.c">
      <Filter>소스 파일</Filter>
    </ClCompile>
    <ClCompile Include="1215장혜원.c">
      <Filter>소스 파일</Filter>
    </ClCompile>
    <ClCompile Include="1216최정연.c">
      <Filter>소스 파일</Filter>
    </ClCompile>
  </ItemGroup>
</Project>