<?xml version="1.0" encoding="utf-8"?>
<Project ToolsVersion="4.0" xmlns="http://schemas.microsoft.com/developer/msbuild/2003">
  <ItemGroup>
    <Filter Include="소스 파일">
      <UniqueIdentifier>{4FC737F1-C7A5-4376-A066-2A32D752A2FF}</UniqueIdentifier>
      <Extensions>cpp;c;cc;cxx;c++;cppm;ixx;def;odl;idl;hpj;bat;asm;asmx</Extensions>
    </Filter>
    <Filter Include="헤더 파일">
      <UniqueIdentifier>{93995380-89BD-4b04-88EB-625FBE52EBFB}</UniqueIdentifier>
      <Extensions>h;hh;hpp;hxx;h++;hm;inl;inc;ipp;xsd</Extensions>
    </Filter>
    <Filter Include="리소스 파일">
      <UniqueIdentifier>{67DA6AB6-F800-4c08-8B7A-83BB121AAD01}</UniqueIdentifier>
      <Extensions>rc;ico;cur;bmp;dlg;rc2;rct;bin;rgs;gif;jpg;jpeg;jpe;resx;tiff;tif;png;wav;mfcribbon-ms</Extensions>
    </Filter>
  </ItemGroup>
  <ItemGroup>
    <ClCompile Include="1602.c">
      <Filter>소스 파일</Filter>
    </ClCompile>
    <ClCompile Include="1603.c">
      <Filter>소스 파일</Filter>
    </ClCompile>
    <ClCompile Include="1605.c">
      <Filter>소스 파일</Filter>
    </ClCompile>
    <ClCompile Include="1608.c">
      <Filter>소스 파일</Filter>
    </ClCompile>
    <ClCompile Include="1609.c">
      <Filter>소스 파일</Filter>
    </ClCompile>
    <ClCompile Include="1612.c">
      <Filter>소스 파일</Filter>
    </ClCompile>
    <ClCompile Include="1613.c">
      <Filter>소스 파일</Filter>
    </ClCompile>
    <ClCompile Include="1614.c">
      <Filter>소스 파일</Filter>
    </ClCompile>
    <ClCompile Include="1615.c">
      <Filter>소스 파일</Filter>
    </ClCompile>
    <ClCompile Include="1501.c">
      <Filter>소스 파일</Filter>
    </ClCompile>
    <ClCompile Include="1502.c">
      <Filter>소스 파일</Filter>
    </ClCompile>
    <ClCompile Include="1503.c">
      <Filter>소스 파일</Filter>
    </ClCompile>
    <ClCompile Include="1504.c">
      <Filter>소스 파일</Filter>
    </ClCompile>
    <ClCompile Include="1505.c">
      <Filter>소스 파일</Filter>
    </ClCompile>
    <ClCompile Include="1506.c">
      <Filter>소스 파일</Filter>
    </ClCompile>
    <ClCompile Include="1601.c">
      <Filter>소스 파일</Filter>
    </ClCompile>
    <ClCompile Include="1507.c">
      <Filter>소스 파일</Filter>
    </ClCompile>
    <ClCompile Include="1510.c">
      <Filter>소스 파일</Filter>
    </ClCompile>
    <ClCompile Include="1511.c">
      <Filter>소스 파일</Filter>
    </ClCompile>
    <ClCompile Include="1512.c">
      <Filter>소스 파일</Filter>
    </ClCompile>
    <ClCompile Include="1514.c">
      <Filter>소스 파일</Filter>
    </ClCompile>
    <ClCompile Include="1516.c">
      <Filter>소스 파일</Filter>
    </ClCompile>
    <ClCompile Include="1401.c">
      <Filter>소스 파일</Filter>
    </ClCompile>
    <ClCompile Include="1402.c">
      <Filter>소스 파일</Filter>
    </ClCompile>
    <ClCompile Include="1403.c">
      <Filter>소스 파일</Filter>
    </ClCompile>
    <ClCompile Include="1404.c">
      <Filter>소스 파일</Filter>
    </ClCompile>
    <ClCompile Include="1407.c">
      <Filter>소스 파일</Filter>
    </ClCompile>
    <ClCompile Include="1409.c">
      <Filter>소스 파일</Filter>
    </ClCompile>
    <ClCompile Include="1410.c">
      <Filter>소스 파일</Filter>
    </ClCompile>
    <ClCompile Include="1411.c">
      <Filter>소스 파일</Filter>
    </ClCompile>
    <ClCompile Include="1412.c">
      <Filter>소스 파일</Filter>
    </ClCompile>
    <ClCompile Include="1413.c">
      <Filter>소스 파일</Filter>
    </ClCompile>
    <ClCompile Include="1414.c">
      <Filter>소스 파일</Filter>
    </ClCompile>
    <ClCompile Include="1416.c">
      <Filter>소스 파일</Filter>
    </ClCompile>
    <ClCompile Include="1301.c">
      <Filter>소스 파일</Filter>
    </ClCompile>
    <ClCompile Include="1302.c">
      <Filter>소스 파일</Filter>
    </ClCompile>
    <ClCompile Include="1304.c">
      <Filter>소스 파일</Filter>
    </ClCompile>
    <ClCompile Include="1306.c">
      <Filter>소스 파일</Filter>
    </ClCompile>
    <ClCompile Include="1307.c">
      <Filter>소스 파일</Filter>
    </ClCompile>
    <ClCompile Include="1308.c">
      <Filter>소스 파일</Filter>
    </ClCompile>
    <ClCompile Include="1309.c">
      <Filter>소스 파일</Filter>
    </ClCompile>
    <ClCompile Include="1310.c">
      <Filter>소스 파일</Filter>
    </ClCompile>
    <ClCompile Include="1311.c">
      <Filter>소스 파일</Filter>
    </ClCompile>
    <ClCompile Include="1312.c">
      <Filter>소스 파일</Filter>
    </ClCompile>
    <ClCompile Include="1313.c">
      <Filter>소스 파일</Filter>
    </ClCompile>
    <ClCompile Include="1314.c">
      <Filter>소스 파일</Filter>
    </ClCompile>
    <ClCompile Include="1315.c">
      <Filter>소스 파일</Filter>
    </ClCompile>
    <ClCompile Include="1319.c">
      <Filter>소스 파일</Filter>
    </ClCompile>
    <ClCompile Include="1201.c">
      <Filter>소스 파일</Filter>
    </ClCompile>
    <ClCompile Include="1202.c">
      <Filter>소스 파일</Filter>
    </ClCompile>
    <ClCompile Include="1203.c">
      <Filter>소스 파일</Filter>
    </ClCompile>
    <ClCompile Include="1204.c">
      <Filter>소스 파일</Filter>
    </ClCompile>
    <ClCompile Include="1206.c">
      <Filter>소스 파일</Filter>
    </ClCompile>
    <ClCompile Include="1207.c">
      <Filter>소스 파일</Filter>
    </ClCompile>
    <ClCompile Include="1208.c">
      <Filter>소스 파일</Filter>
    </ClCompile>
    <ClCompile Include="1209.c">
      <Filter>소스 파일</Filter>
    </ClCompile>
    <ClCompile Include="1210.c">
      <Filter>소스 파일</Filter>
    </ClCompile>
    <ClCompile Include="1212.c">
      <Filter>소스 파일</Filter>
    </ClCompile>
    <ClCompile Include="1215.c">
      <Filter>소스 파일</Filter>
    </ClCompile>
    <ClCompile Include="1216.c">
      <Filter>소스 파일</Filter>
    </ClCompile>
    <ClCompile Include="1102.c">
      <Filter>소스 파일</Filter>
    </ClCompile>
    <ClCompile Include="1103.c">
      <Filter>소스 파일</Filter>
    </ClCompile>
    <ClCompile Include="1106.c">
      <Filter>소스 파일</Filter>
    </ClCompile>
    <ClCompile Include="1107.c">
      <Filter>소스 파일</Filter>
    </ClCompile>
    <ClCompile Include="1108.c">
      <Filter>소스 파일</Filter>
    </ClCompile>
    <ClCompile Include="1109.c">
      <Filter>소스 파일</Filter>
    </ClCompile>
    <ClCompile Include="1112.c">
      <Filter>소스 파일</Filter>
    </ClCompile>
    <ClCompile Include="1114.c">
      <Filter>소스 파일</Filter>
    </ClCompile>
    <ClCompile Include="1116.c">
      <Filter>소스 파일</Filter>
    </ClCompile>
    <ClCompile Include="1117.c">
      <Filter>소스 파일</Filter>
    </ClCompile>
    <ClCompile Include="1115.c">
      <Filter>소스 파일</Filter>
    </ClCompile>
  </ItemGroup>
</Project>