
Microsoft Visual Studio Solution File, Format Version 12.00
# Visual Studio Version 16
VisualStudioVersion = 16.0.31025.194
MinimumVisualStudioVersion = 10.0.40219.1
Project("{8BC9CEB8-8B4A-11D0-8D11-00A0C91BC942}") = "Day01", "CPractice\CPractice.vcxproj", "{6BFEE74B-94BB-42C0-821C-1F07732FB420}"
EndProject
Project("{8BC9CEB8-8B4A-11D0-8D11-00A0C91BC942}") = "Test", "Test\Test.vcxproj", "{E356F8BA-92D8-4C10-B04D-526FC2B3662C}"
EndProject
Global
	GlobalSection(SolutionConfigurationPlatforms) = preSolution
		Debug|x64 = Debug|x64
		Debug|x86 = Debug|x86
		Release|x64 = Release|x64
		Release|x86 = Release|x86
	EndGlobalSection
	GlobalSection(ProjectConfigurationPlatforms) = postSolution
		{6BFEE74B-94BB-42C0-821C-1F07732FB420}.Debug|x64.ActiveCfg = Debug|x64
		{6BFEE74B-94BB-42C0-821C-1F07732FB420}.Debug|x64.Build.0 = Debug|x64
		{6BFEE74B-94BB-42C0-821C-1F07732FB420}.Debug|x86.ActiveCfg = Debug|Win32
		{6BFEE74B-94BB-42C0-821C-1F07732FB420}.Debug|x86.Build.0 = Debug|Win32
		{6BFEE74B-94BB-42C0-821C-1F07732FB420}.Release|x64.ActiveCfg = Release|x64
		{6BFEE74B-94BB-42C0-821C-1F07732FB420}.Release|x64.Build.0 = Release|x64
		{6BFEE74B-94BB-42C0-821C-1F07732FB420}.Release|x86.ActiveCfg = Release|Win32
		{6BFEE74B-94BB-42C0-821C-1F07732FB420}.Release|x86.Build.0 = Release|Win32
		{E356F8BA-92D8-4C10-B04D-526FC2B3662C}.Debug|x64.ActiveCfg = Debug|x64
		{E356F8BA-92D8-4C10-B04D-526FC2B3662C}.Debug|x64.Build.0 = Debug|x64
		{E356F8BA-92D8-4C10-B04D-526FC2B3662C}.Debug|x86.ActiveCfg = Debug|Win32
		{E356F8BA-92D8-4C10-B04D-526FC2B3662C}.Debug|x86.Build.0 = Debug|Win32
		{E356F8BA-92D8-4C10-B04D-526FC2B3662C}.Release|x64.ActiveCfg = Release|x64
		{E356F8BA-92D8-4C10-B04D-526FC2B3662C}.Release|x64.Build.0 = Release|x64
		{E356F8BA-92D8-4C10-B04D-526FC2B3662C}.Release|x86.ActiveCfg = Release|Win32
		{E356F8BA-92D8-4C10-B04D-526FC2B3662C}.Release|x86.Build.0 = Release|Win32
	EndGlobalSection
	GlobalSection(SolutionProperties) = preSolution
		HideSolutionNode = FALSE
	EndGlobalSection
	GlobalSection(ExtensibilityGlobals) = postSolution
		SolutionGuid = {F6E3ABCB-76F3-4072-863B-CF0297E42AB1}
	EndGlobalSection
EndGlobal
