
Microsoft Visual Studio Solution File, Format Version 12.00
# Visual Studio Version 16
VisualStudioVersion = 16.0.31019.35
MinimumVisualStudioVersion = 10.0.40219.1
Project("{8BC9CEB8-8B4A-11D0-8D11-00A0C91BC942}") = "Ch01_DataType", "DataType\DataType.vcxproj", "{53D10804-14C6-48E8-AFA9-26C154F4DEFB}"
EndProject
Project("{8BC9CEB8-8B4A-11D0-8D11-00A0C91BC942}") = "Ch02_Operator", "Ch02_Operator\Ch02_Operator.vcxproj", "{1999937B-46CF-455C-BD20-8972E2554684}"
EndProject
Project("{8BC9CEB8-8B4A-11D0-8D11-00A0C91BC942}") = "Ch03_FlowControl", "Ch03_FlowControl\Ch03_FlowControl.vcxproj", "{27E85A6C-3729-4153-BDF7-0B5D20F580B8}"
EndProject
Project("{8BC9CEB8-8B4A-11D0-8D11-00A0C91BC942}") = "CodeUP", "CodeUP\CodeUP.vcxproj", "{5C7BF307-4FB9-49A9-BE40-47A708AF62AD}"
EndProject
Project("{8BC9CEB8-8B4A-11D0-8D11-00A0C91BC942}") = "Performance_Assessment", "Performance_Assessment\Performance_Assessment.vcxproj", "{73901E3F-C40E-472F-BD1B-2A2A34F24334}"
EndProject
Project("{8BC9CEB8-8B4A-11D0-8D11-00A0C91BC942}") = "Ch04_Function", "Ch04_Function\Ch04_Function.vcxproj", "{157E1322-BF2C-46BA-A3F2-D29B4B59B089}"
EndProject
Project("{8BC9CEB8-8B4A-11D0-8D11-00A0C91BC942}") = "GUI", "GUI\GUI.vcxproj", "{187972D2-73F8-4F0D-8D44-9482658FE9D0}"
EndProject
Project("{8BC9CEB8-8B4A-11D0-8D11-00A0C91BC942}") = "String", "String\String.vcxproj", "{2009EBCC-1DE7-42FA-A568-F588274B652D}"
EndProject
Project("{8BC9CEB8-8B4A-11D0-8D11-00A0C91BC942}") = "WindowsTest", "Windows\Windows.vcxproj", "{3EAE2F53-7A78-47C6-8625-A19D459C35F5}"
EndProject
Project("{8BC9CEB8-8B4A-11D0-8D11-00A0C91BC942}") = "Ch05_Pointer", "Ch05_Pointer\Ch05_Pointer.vcxproj", "{AFE3F84E-0F11-434D-861E-6BA61E00D531}"
EndProject
Project("{8BC9CEB8-8B4A-11D0-8D11-00A0C91BC942}") = "CodeTest", "CodeTest\CodeTest.vcxproj", "{2202BD98-2CD9-42AE-B2AB-331BF74B74E1}"
EndProject
Global
	GlobalSection(SolutionConfigurationPlatforms) = preSolution
		Debug|x64 = Debug|x64
		Debug|x86 = Debug|x86
		Release|x64 = Release|x64
		Release|x86 = Release|x86
	EndGlobalSection
	GlobalSection(ProjectConfigurationPlatforms) = postSolution
		{53D10804-14C6-48E8-AFA9-26C154F4DEFB}.Debug|x64.ActiveCfg = Debug|x64
		{53D10804-14C6-48E8-AFA9-26C154F4DEFB}.Debug|x64.Build.0 = Debug|x64
		{53D10804-14C6-48E8-AFA9-26C154F4DEFB}.Debug|x86.ActiveCfg = Debug|Win32
		{53D10804-14C6-48E8-AFA9-26C154F4DEFB}.Debug|x86.Build.0 = Debug|Win32
		{53D10804-14C6-48E8-AFA9-26C154F4DEFB}.Release|x64.ActiveCfg = Release|x64
		{53D10804-14C6-48E8-AFA9-26C154F4DEFB}.Release|x64.Build.0 = Release|x64
		{53D10804-14C6-48E8-AFA9-26C154F4DEFB}.Release|x86.ActiveCfg = Release|Win32
		{53D10804-14C6-48E8-AFA9-26C154F4DEFB}.Release|x86.Build.0 = Release|Win32
		{1999937B-46CF-455C-BD20-8972E2554684}.Debug|x64.ActiveCfg = Debug|x64
		{1999937B-46CF-455C-BD20-8972E2554684}.Debug|x64.Build.0 = Debug|x64
		{1999937B-46CF-455C-BD20-8972E2554684}.Debug|x86.ActiveCfg = Debug|Win32
		{1999937B-46CF-455C-BD20-8972E2554684}.Debug|x86.Build.0 = Debug|Win32
		{1999937B-46CF-455C-BD20-8972E2554684}.Release|x64.ActiveCfg = Release|x64
		{1999937B-46CF-455C-BD20-8972E2554684}.Release|x64.Build.0 = Release|x64
		{1999937B-46CF-455C-BD20-8972E2554684}.Release|x86.ActiveCfg = Release|Win32
		{1999937B-46CF-455C-BD20-8972E2554684}.Release|x86.Build.0 = Release|Win32
		{27E85A6C-3729-4153-BDF7-0B5D20F580B8}.Debug|x64.ActiveCfg = Debug|x64
		{27E85A6C-3729-4153-BDF7-0B5D20F580B8}.Debug|x64.Build.0 = Debug|x64
		{27E85A6C-3729-4153-BDF7-0B5D20F580B8}.Debug|x86.ActiveCfg = Debug|Win32
		{27E85A6C-3729-4153-BDF7-0B5D20F580B8}.Debug|x86.Build.0 = Debug|Win32
		{27E85A6C-3729-4153-BDF7-0B5D20F580B8}.Release|x64.ActiveCfg = Release|x64
		{27E85A6C-3729-4153-BDF7-0B5D20F580B8}.Release|x64.Build.0 = Release|x64
		{27E85A6C-3729-4153-BDF7-0B5D20F580B8}.Release|x86.ActiveCfg = Release|Win32
		{27E85A6C-3729-4153-BDF7-0B5D20F580B8}.Release|x86.Build.0 = Release|Win32
		{5C7BF307-4FB9-49A9-BE40-47A708AF62AD}.Debug|x64.ActiveCfg = Debug|x64
		{5C7BF307-4FB9-49A9-BE40-47A708AF62AD}.Debug|x64.Build.0 = Debug|x64
		{5C7BF307-4FB9-49A9-BE40-47A708AF62AD}.Debug|x86.ActiveCfg = Debug|Win32
		{5C7BF307-4FB9-49A9-BE40-47A708AF62AD}.Debug|x86.Build.0 = Debug|Win32
		{5C7BF307-4FB9-49A9-BE40-47A708AF62AD}.Release|x64.ActiveCfg = Release|x64
		{5C7BF307-4FB9-49A9-BE40-47A708AF62AD}.Release|x64.Build.0 = Release|x64
		{5C7BF307-4FB9-49A9-BE40-47A708AF62AD}.Release|x86.ActiveCfg = Release|Win32
		{5C7BF307-4FB9-49A9-BE40-47A708AF62AD}.Release|x86.Build.0 = Release|Win32
		{73901E3F-C40E-472F-BD1B-2A2A34F24334}.Debug|x64.ActiveCfg = Debug|x64
		{73901E3F-C40E-472F-BD1B-2A2A34F24334}.Debug|x64.Build.0 = Debug|x64
		{73901E3F-C40E-472F-BD1B-2A2A34F24334}.Debug|x86.ActiveCfg = Debug|Win32
		{73901E3F-C40E-472F-BD1B-2A2A34F24334}.Debug|x86.Build.0 = Debug|Win32
		{73901E3F-C40E-472F-BD1B-2A2A34F24334}.Release|x64.ActiveCfg = Release|x64
		{73901E3F-C40E-472F-BD1B-2A2A34F24334}.Release|x64.Build.0 = Release|x64
		{73901E3F-C40E-472F-BD1B-2A2A34F24334}.Release|x86.ActiveCfg = Release|Win32
		{73901E3F-C40E-472F-BD1B-2A2A34F24334}.Release|x86.Build.0 = Release|Win32
		{157E1322-BF2C-46BA-A3F2-D29B4B59B089}.Debug|x64.ActiveCfg = Debug|x64
		{157E1322-BF2C-46BA-A3F2-D29B4B59B089}.Debug|x64.Build.0 = Debug|x64
		{157E1322-BF2C-46BA-A3F2-D29B4B59B089}.Debug|x86.ActiveCfg = Debug|Win32
		{157E1322-BF2C-46BA-A3F2-D29B4B59B089}.Debug|x86.Build.0 = Debug|Win32
		{157E1322-BF2C-46BA-A3F2-D29B4B59B089}.Release|x64.ActiveCfg = Release|x64
		{157E1322-BF2C-46BA-A3F2-D29B4B59B089}.Release|x64.Build.0 = Release|x64
		{157E1322-BF2C-46BA-A3F2-D29B4B59B089}.Release|x86.ActiveCfg = Release|Win32
		{157E1322-BF2C-46BA-A3F2-D29B4B59B089}.Release|x86.Build.0 = Release|Win32
		{187972D2-73F8-4F0D-8D44-9482658FE9D0}.Debug|x64.ActiveCfg = Debug|x64
		{187972D2-73F8-4F0D-8D44-9482658FE9D0}.Debug|x64.Build.0 = Debug|x64
		{187972D2-73F8-4F0D-8D44-9482658FE9D0}.Debug|x86.ActiveCfg = Debug|Win32
		{187972D2-73F8-4F0D-8D44-9482658FE9D0}.Debug|x86.Build.0 = Debug|Win32
		{187972D2-73F8-4F0D-8D44-9482658FE9D0}.Release|x64.ActiveCfg = Release|x64
		{187972D2-73F8-4F0D-8D44-9482658FE9D0}.Release|x64.Build.0 = Release|x64
		{187972D2-73F8-4F0D-8D44-9482658FE9D0}.Release|x86.ActiveCfg = Release|Win32
		{187972D2-73F8-4F0D-8D44-9482658FE9D0}.Release|x86.Build.0 = Release|Win32
		{2009EBCC-1DE7-42FA-A568-F588274B652D}.Debug|x64.ActiveCfg = Debug|x64
		{2009EBCC-1DE7-42FA-A568-F588274B652D}.Debug|x64.Build.0 = Debug|x64
		{2009EBCC-1DE7-42FA-A568-F588274B652D}.Debug|x86.ActiveCfg = Debug|Win32
		{2009EBCC-1DE7-42FA-A568-F588274B652D}.Debug|x86.Build.0 = Debug|Win32
		{2009EBCC-1DE7-42FA-A568-F588274B652D}.Release|x64.ActiveCfg = Release|x64
		{2009EBCC-1DE7-42FA-A568-F588274B652D}.Release|x64.Build.0 = Release|x64
		{2009EBCC-1DE7-42FA-A568-F588274B652D}.Release|x86.ActiveCfg = Release|Win32
		{2009EBCC-1DE7-42FA-A568-F588274B652D}.Release|x86.Build.0 = Release|Win32
		{3EAE2F53-7A78-47C6-8625-A19D459C35F5}.Debug|x64.ActiveCfg = Debug|x64
		{3EAE2F53-7A78-47C6-8625-A19D459C35F5}.Debug|x64.Build.0 = Debug|x64
		{3EAE2F53-7A78-47C6-8625-A19D459C35F5}.Debug|x86.ActiveCfg = Debug|Win32
		{3EAE2F53-7A78-47C6-8625-A19D459C35F5}.Debug|x86.Build.0 = Debug|Win32
		{3EAE2F53-7A78-47C6-8625-A19D459C35F5}.Release|x64.ActiveCfg = Release|x64
		{3EAE2F53-7A78-47C6-8625-A19D459C35F5}.Release|x64.Build.0 = Release|x64
		{3EAE2F53-7A78-47C6-8625-A19D459C35F5}.Release|x86.ActiveCfg = Release|Win32
		{3EAE2F53-7A78-47C6-8625-A19D459C35F5}.Release|x86.Build.0 = Release|Win32
		{AFE3F84E-0F11-434D-861E-6BA61E00D531}.Debug|x64.ActiveCfg = Debug|x64
		{AFE3F84E-0F11-434D-861E-6BA61E00D531}.Debug|x64.Build.0 = Debug|x64
		{AFE3F84E-0F11-434D-861E-6BA61E00D531}.Debug|x86.ActiveCfg = Debug|Win32
		{AFE3F84E-0F11-434D-861E-6BA61E00D531}.Debug|x86.Build.0 = Debug|Win32
		{AFE3F84E-0F11-434D-861E-6BA61E00D531}.Release|x64.ActiveCfg = Release|x64
		{AFE3F84E-0F11-434D-861E-6BA61E00D531}.Release|x64.Build.0 = Release|x64
		{AFE3F84E-0F11-434D-861E-6BA61E00D531}.Release|x86.ActiveCfg = Release|Win32
		{AFE3F84E-0F11-434D-861E-6BA61E00D531}.Release|x86.Build.0 = Release|Win32
		{2202BD98-2CD9-42AE-B2AB-331BF74B74E1}.Debug|x64.ActiveCfg = Debug|x64
		{2202BD98-2CD9-42AE-B2AB-331BF74B74E1}.Debug|x64.Build.0 = Debug|x64
		{2202BD98-2CD9-42AE-B2AB-331BF74B74E1}.Debug|x86.ActiveCfg = Debug|Win32
		{2202BD98-2CD9-42AE-B2AB-331BF74B74E1}.Debug|x86.Build.0 = Debug|Win32
		{2202BD98-2CD9-42AE-B2AB-331BF74B74E1}.Release|x64.ActiveCfg = Release|x64
		{2202BD98-2CD9-42AE-B2AB-331BF74B74E1}.Release|x64.Build.0 = Release|x64
		{2202BD98-2CD9-42AE-B2AB-331BF74B74E1}.Release|x86.ActiveCfg = Release|Win32
		{2202BD98-2CD9-42AE-B2AB-331BF74B74E1}.Release|x86.Build.0 = Release|Win32
	EndGlobalSection
	GlobalSection(SolutionProperties) = preSolution
		HideSolutionNode = FALSE
	EndGlobalSection
	GlobalSection(ExtensibilityGlobals) = postSolution
		SolutionGuid = {ED806232-74C0-434F-8216-C2F46C215813}
	EndGlobalSection
EndGlobal
