
Microsoft Visual Studio Solution File, Format Version 12.00
# Visual Studio Version 17
VisualStudioVersion = 17.0.31912.275
MinimumVisualStudioVersion = 10.0.40219.1
Project("{8BC9CEB8-8B4A-11D0-8D11-00A0C91BC942}") = "Ch01_DataType", "DataType\DataType.vcxproj", "{53D10804-14C6-48E8-AFA9-26C154F4DEFB}"
EndProject
Project("{8BC9CEB8-8B4A-11D0-8D11-00A0C91BC942}") = "Ch02_Operator", "Ch02_Operator\Ch02_Operator.vcxproj", "{1999937B-46CF-455C-BD20-8972E2554684}"
EndProject
Project("{8BC9CEB8-8B4A-11D0-8D11-00A0C91BC942}") = "Ch03_FlowControl", "Ch03_FlowControl\Ch03_FlowControl.vcxproj", "{27E85A6C-3729-4153-BDF7-0B5D20F580B8}"
EndProject
Project("{8BC9CEB8-8B4A-11D0-8D11-00A0C91BC942}") = "CodeUP", "CodeUP\CodeUP.vcxproj", "{5C7BF307-4FB9-49A9-BE40-47A708AF62AD}"
EndProject
Project("{8BC9CEB8-8B4A-11D0-8D11-00A0C91BC942}") = "Performance_Assessment", "Performance_Assessment\Performance_Assessment.vcxproj", "{73901E3F-C40E-472F-BD1B-2A2A34F24334}"
EndProject
Project("{8BC9CEB8-8B4A-11D0-8D11-00A0C91BC942}") = "Ch04_Function", "Ch04_Function\Ch04_Function.vcxproj", "{157E1322-BF2C-46BA-A3F2-D29B4B59B089}"
EndProject
Project("{8BC9CEB8-8B4A-11D0-8D11-00A0C91BC942}") = "GUI", "GUI\GUI.vcxproj", "{187972D2-73F8-4F0D-8D44-9482658FE9D0}"
EndProject
Project("{8BC9CEB8-8B4A-11D0-8D11-00A0C91BC942}") = "String", "String\String.vcxproj", "{2009EBCC-1DE7-42FA-A568-F588274B652D}"
EndProject
Project("{8BC9CEB8-8B4A-11D0-8D11-00A0C91BC942}") = "WindowsTest", "Windows\Windows.vcxproj", "{3EAE2F53-7A78-47C6-8625-A19D459C35F5}"
EndProject
Project("{8BC9CEB8-8B4A-11D0-8D11-00A0C91BC942}") = "Ch05_Pointer", "Ch05_Pointer\Ch05_Pointer.vcxproj", "{AFE3F84E-0F11-434D-861E-6BA61E00D531}"
EndProject
Project("{8BC9CEB8-8B4A-11D0-8D11-00A0C91BC942}") = "CodeTest", "CodeTest\CodeTest.vcxproj", "{2202BD98-2CD9-42AE-B2AB-331BF74B74E1}"
EndProject
Project("{8BC9CEB8-8B4A-11D0-8D11-00A0C91BC942}") = "CodeTest_Home", "CodeTest_Home\CodeTest_Home.vcxproj", "{B6216729-1FA5-4516-B1D4-EEF7E799A71D}"
EndProject
Project("{8BC9CEB8-8B4A-11D0-8D11-00A0C91BC942}") = "Ch06_String", "Ch06_String\Ch06_String.vcxproj", "{46478245-5BC7-4544-BED5-6A1315B4AA1D}"
EndProject
Project("{8BC9CEB8-8B4A-11D0-8D11-00A0C91BC942}") = "Ch07_Structure", "Ch07_Structure\Ch07_Structure.vcxproj", "{5D49D621-E936-43EB-9E32-097AEA6C8524}"
EndProject
Project("{8BC9CEB8-8B4A-11D0-8D11-00A0C91BC942}") = "Ch08_FILE", "Ch08_MemoryAllocation\Ch08_MemoryAllocation.vcxproj", "{C0F7AE4B-840B-45FB-9447-F19D867D469A}"
EndProject
Project("{8BC9CEB8-8B4A-11D0-8D11-00A0C91BC942}") = "2학기 기초보충", "2학기 기초보충\2학기 기초보충.vcxproj", "{477092F2-23B3-4D7A-9574-1E1D2A7A692D}"
EndProject
Project("{8BC9CEB8-8B4A-11D0-8D11-00A0C91BC942}") = "1학기 2차 지필평가 문제", "1학기 2차 지필평가 문제\1학기 2차 지필평가 문제.vcxproj", "{F4E62D3D-4A5C-4D39-9E1B-B0017B2CC73B}"
EndProject
Project("{8BC9CEB8-8B4A-11D0-8D11-00A0C91BC942}") = "2학기 1차 지필평가 문제", "2학기 1차 지필평가 문제\2학기 1차 지필평가 문제.vcxproj", "{37D40350-DDE6-4385-96A9-695FA09CD288}"
EndProject
Project("{8BC9CEB8-8B4A-11D0-8D11-00A0C91BC942}") = "SeoGangHighSchool", "SeoGangHighSchool\SeoGangHighSchool.vcxproj", "{17A5A476-4685-4041-9413-BE6D07158E54}"
EndProject
Global
	GlobalSection(SolutionConfigurationPlatforms) = preSolution
		Debug|x64 = Debug|x64
		Debug|x86 = Debug|x86
		Release|x64 = Release|x64
		Release|x86 = Release|x86
	EndGlobalSection
	GlobalSection(ProjectConfigurationPlatforms) = postSolution
		{53D10804-14C6-48E8-AFA9-26C154F4DEFB}.Debug|x64.ActiveCfg = Debug|x64
		{53D10804-14C6-48E8-AFA9-26C154F4DEFB}.Debug|x64.Build.0 = Debug|x64
		{53D10804-14C6-48E8-AFA9-26C154F4DEFB}.Debug|x86.ActiveCfg = Debug|Win32
		{53D10804-14C6-48E8-AFA9-26C154F4DEFB}.Debug|x86.Build.0 = Debug|Win32
		{53D10804-14C6-48E8-AFA9-26C154F4DEFB}.Release|x64.ActiveCfg = Release|x64
		{53D10804-14C6-48E8-AFA9-26C154F4DEFB}.Release|x64.Build.0 = Release|x64
		{53D10804-14C6-48E8-AFA9-26C154F4DEFB}.Release|x86.ActiveCfg = Release|Win32
		{53D10804-14C6-48E8-AFA9-26C154F4DEFB}.Release|x86.Build.0 = Release|Win32
		{1999937B-46CF-455C-BD20-8972E2554684}.Debug|x64.ActiveCfg = Debug|x64
		{1999937B-46CF-455C-BD20-8972E2554684}.Debug|x64.Build.0 = Debug|x64
		{1999937B-46CF-455C-BD20-8972E2554684}.Debug|x86.ActiveCfg = Debug|Win32
		{1999937B-46CF-455C-BD20-8972E2554684}.Debug|x86.Build.0 = Debug|Win32
		{1999937B-46CF-455C-BD20-8972E2554684}.Release|x64.ActiveCfg = Release|x64
		{1999937B-46CF-455C-BD20-8972E2554684}.Release|x64.Build.0 = Release|x64
		{1999937B-46CF-455C-BD20-8972E2554684}.Release|x86.ActiveCfg = Release|Win32
		{1999937B-46CF-455C-BD20-8972E2554684}.Release|x86.Build.0 = Release|Win32
		{27E85A6C-3729-4153-BDF7-0B5D20F580B8}.Debug|x64.ActiveCfg = Debug|x64
		{27E85A6C-3729-4153-BDF7-0B5D20F580B8}.Debug|x64.Build.0 = Debug|x64
		{27E85A6C-3729-4153-BDF7-0B5D20F580B8}.Debug|x86.ActiveCfg = Debug|Win32
		{27E85A6C-3729-4153-BDF7-0B5D20F580B8}.Debug|x86.Build.0 = Debug|Win32
		{27E85A6C-3729-4153-BDF7-0B5D20F580B8}.Release|x64.ActiveCfg = Release|x64
		{27E85A6C-3729-4153-BDF7-0B5D20F580B8}.Release|x64.Build.0 = Release|x64
		{27E85A6C-3729-4153-BDF7-0B5D20F580B8}.Release|x86.ActiveCfg = Release|Win32
		{27E85A6C-3729-4153-BDF7-0B5D20F580B8}.Release|x86.Build.0 = Release|Win32
		{5C7BF307-4FB9-49A9-BE40-47A708AF62AD}.Debug|x64.ActiveCfg = Debug|x64
		{5C7BF307-4FB9-49A9-BE40-47A708AF62AD}.Debug|x64.Build.0 = Debug|x64
		{5C7BF307-4FB9-49A9-BE40-47A708AF62AD}.Debug|x86.ActiveCfg = Debug|Win32
		{5C7BF307-4FB9-49A9-BE40-47A708AF62AD}.Debug|x86.Build.0 = Debug|Win32
		{5C7BF307-4FB9-49A9-BE40-47A708AF62AD}.Release|x64.ActiveCfg = Release|x64
		{5C7BF307-4FB9-49A9-BE40-47A708AF62AD}.Release|x64.Build.0 = Release|x64
		{5C7BF307-4FB9-49A9-BE40-47A708AF62AD}.Release|x86.ActiveCfg = Release|Win32
		{5C7BF307-4FB9-49A9-BE40-47A708AF62AD}.Release|x86.Build.0 = Release|Win32
		{73901E3F-C40E-472F-BD1B-2A2A34F24334}.Debug|x64.ActiveCfg = Debug|x64
		{73901E3F-C40E-472F-BD1B-2A2A34F24334}.Debug|x64.Build.0 = Debug|x64
		{73901E3F-C40E-472F-BD1B-2A2A34F24334}.Debug|x86.ActiveCfg = Debug|Win32
		{73901E3F-C40E-472F-BD1B-2A2A34F24334}.Debug|x86.Build.0 = Debug|Win32
		{73901E3F-C40E-472F-BD1B-2A2A34F24334}.Release|x64.ActiveCfg = Release|x64
		{73901E3F-C40E-472F-BD1B-2A2A34F24334}.Release|x64.Build.0 = Release|x64
		{73901E3F-C40E-472F-BD1B-2A2A34F24334}.Release|x86.ActiveCfg = Release|Win32
		{73901E3F-C40E-472F-BD1B-2A2A34F24334}.Release|x86.Build.0 = Release|Win32
		{157E1322-BF2C-46BA-A3F2-D29B4B59B089}.Debug|x64.ActiveCfg = Debug|x64
		{157E1322-BF2C-46BA-A3F2-D29B4B59B089}.Debug|x64.Build.0 = Debug|x64
		{157E1322-BF2C-46BA-A3F2-D29B4B59B089}.Debug|x86.ActiveCfg = Debug|Win32
		{157E1322-BF2C-46BA-A3F2-D29B4B59B089}.Debug|x86.Build.0 = Debug|Win32
		{157E1322-BF2C-46BA-A3F2-D29B4B59B089}.Release|x64.ActiveCfg = Release|x64
		{157E1322-BF2C-46BA-A3F2-D29B4B59B089}.Release|x64.Build.0 = Release|x64
		{157E1322-BF2C-46BA-A3F2-D29B4B59B089}.Release|x86.ActiveCfg = Release|Win32
		{157E1322-BF2C-46BA-A3F2-D29B4B59B089}.Release|x86.Build.0 = Release|Win32
		{187972D2-73F8-4F0D-8D44-9482658FE9D0}.Debug|x64.ActiveCfg = Debug|x64
		{187972D2-73F8-4F0D-8D44-9482658FE9D0}.Debug|x64.Build.0 = Debug|x64
		{187972D2-73F8-4F0D-8D44-9482658FE9D0}.Debug|x86.ActiveCfg = Debug|Win32
		{187972D2-73F8-4F0D-8D44-9482658FE9D0}.Debug|x86.Build.0 = Debug|Win32
		{187972D2-73F8-4F0D-8D44-9482658FE9D0}.Release|x64.ActiveCfg = Release|x64
		{187972D2-73F8-4F0D-8D44-9482658FE9D0}.Release|x64.Build.0 = Release|x64
		{187972D2-73F8-4F0D-8D44-9482658FE9D0}.Release|x86.ActiveCfg = Release|Win32
		{187972D2-73F8-4F0D-8D44-9482658FE9D0}.Release|x86.Build.0 = Release|Win32
		{2009EBCC-1DE7-42FA-A568-F588274B652D}.Debug|x64.ActiveCfg = Debug|x64
		{2009EBCC-1DE7-42FA-A568-F588274B652D}.Debug|x64.Build.0 = Debug|x64
		{2009EBCC-1DE7-42FA-A568-F588274B652D}.Debug|x86.ActiveCfg = Debug|Win32
		{2009EBCC-1DE7-42FA-A568-F588274B652D}.Debug|x86.Build.0 = Debug|Win32
		{2009EBCC-1DE7-42FA-A568-F588274B652D}.Release|x64.ActiveCfg = Release|x64
		{2009EBCC-1DE7-42FA-A568-F588274B652D}.Release|x64.Build.0 = Release|x64
		{2009EBCC-1DE7-42FA-A568-F588274B652D}.Release|x86.ActiveCfg = Release|Win32
		{2009EBCC-1DE7-42FA-A568-F588274B652D}.Release|x86.Build.0 = Release|Win32
		{3EAE2F53-7A78-47C6-8625-A19D459C35F5}.Debug|x64.ActiveCfg = Debug|x64
		{3EAE2F53-7A78-47C6-8625-A19D459C35F5}.Debug|x64.Build.0 = Debug|x64
		{3EAE2F53-7A78-47C6-8625-A19D459C35F5}.Debug|x86.ActiveCfg = Debug|Win32
		{3EAE2F53-7A78-47C6-8625-A19D459C35F5}.Debug|x86.Build.0 = Debug|Win32
		{3EAE2F53-7A78-47C6-8625-A19D459C35F5}.Release|x64.ActiveCfg = Release|x64
		{3EAE2F53-7A78-47C6-8625-A19D459C35F5}.Release|x64.Build.0 = Release|x64
		{3EAE2F53-7A78-47C6-8625-A19D459C35F5}.Release|x86.ActiveCfg = Release|Win32
		{3EAE2F53-7A78-47C6-8625-A19D459C35F5}.Release|x86.Build.0 = Release|Win32
		{AFE3F84E-0F11-434D-861E-6BA61E00D531}.Debug|x64.ActiveCfg = Debug|x64
		{AFE3F84E-0F11-434D-861E-6BA61E00D531}.Debug|x64.Build.0 = Debug|x64
		{AFE3F84E-0F11-434D-861E-6BA61E00D531}.Debug|x86.ActiveCfg = Debug|Win32
		{AFE3F84E-0F11-434D-861E-6BA61E00D531}.Debug|x86.Build.0 = Debug|Win32
		{AFE3F84E-0F11-434D-861E-6BA61E00D531}.Release|x64.ActiveCfg = Release|x64
		{AFE3F84E-0F11-434D-861E-6BA61E00D531}.Release|x64.Build.0 = Release|x64
		{AFE3F84E-0F11-434D-861E-6BA61E00D531}.Release|x86.ActiveCfg = Release|Win32
		{AFE3F84E-0F11-434D-861E-6BA61E00D531}.Release|x86.Build.0 = Release|Win32
		{2202BD98-2CD9-42AE-B2AB-331BF74B74E1}.Debug|x64.ActiveCfg = Debug|x64
		{2202BD98-2CD9-42AE-B2AB-331BF74B74E1}.Debug|x64.Build.0 = Debug|x64
		{2202BD98-2CD9-42AE-B2AB-331BF74B74E1}.Debug|x86.ActiveCfg = Debug|Win32
		{2202BD98-2CD9-42AE-B2AB-331BF74B74E1}.Debug|x86.Build.0 = Debug|Win32
		{2202BD98-2CD9-42AE-B2AB-331BF74B74E1}.Release|x64.ActiveCfg = Release|x64
		{2202BD98-2CD9-42AE-B2AB-331BF74B74E1}.Release|x64.Build.0 = Release|x64
		{2202BD98-2CD9-42AE-B2AB-331BF74B74E1}.Release|x86.ActiveCfg = Release|Win32
		{2202BD98-2CD9-42AE-B2AB-331BF74B74E1}.Release|x86.Build.0 = Release|Win32
		{B6216729-1FA5-4516-B1D4-EEF7E799A71D}.Debug|x64.ActiveCfg = Debug|x64
		{B6216729-1FA5-4516-B1D4-EEF7E799A71D}.Debug|x64.Build.0 = Debug|x64
		{B6216729-1FA5-4516-B1D4-EEF7E799A71D}.Debug|x86.ActiveCfg = Debug|Win32
		{B6216729-1FA5-4516-B1D4-EEF7E799A71D}.Debug|x86.Build.0 = Debug|Win32
		{B6216729-1FA5-4516-B1D4-EEF7E799A71D}.Release|x64.ActiveCfg = Release|x64
		{B6216729-1FA5-4516-B1D4-EEF7E799A71D}.Release|x64.Build.0 = Release|x64
		{B6216729-1FA5-4516-B1D4-EEF7E799A71D}.Release|x86.ActiveCfg = Release|Win32
		{B6216729-1FA5-4516-B1D4-EEF7E799A71D}.Release|x86.Build.0 = Release|Win32
		{46478245-5BC7-4544-BED5-6A1315B4AA1D}.Debug|x64.ActiveCfg = Debug|x64
		{46478245-5BC7-4544-BED5-6A1315B4AA1D}.Debug|x64.Build.0 = Debug|x64
		{46478245-5BC7-4544-BED5-6A1315B4AA1D}.Debug|x86.ActiveCfg = Debug|Win32
		{46478245-5BC7-4544-BED5-6A1315B4AA1D}.Debug|x86.Build.0 = Debug|Win32
		{46478245-5BC7-4544-BED5-6A1315B4AA1D}.Release|x64.ActiveCfg = Release|x64
		{46478245-5BC7-4544-BED5-6A1315B4AA1D}.Release|x64.Build.0 = Release|x64
		{46478245-5BC7-4544-BED5-6A1315B4AA1D}.Release|x86.ActiveCfg = Release|Win32
		{46478245-5BC7-4544-BED5-6A1315B4AA1D}.Release|x86.Build.0 = Release|Win32
		{5D49D621-E936-43EB-9E32-097AEA6C8524}.Debug|x64.ActiveCfg = Debug|x64
		{5D49D621-E936-43EB-9E32-097AEA6C8524}.Debug|x64.Build.0 = Debug|x64
		{5D49D621-E936-43EB-9E32-097AEA6C8524}.Debug|x86.ActiveCfg = Debug|Win32
		{5D49D621-E936-43EB-9E32-097AEA6C8524}.Debug|x86.Build.0 = Debug|Win32
		{5D49D621-E936-43EB-9E32-097AEA6C8524}.Release|x64.ActiveCfg = Release|x64
		{5D49D621-E936-43EB-9E32-097AEA6C8524}.Release|x64.Build.0 = Release|x64
		{5D49D621-E936-43EB-9E32-097AEA6C8524}.Release|x86.ActiveCfg = Release|Win32
		{5D49D621-E936-43EB-9E32-097AEA6C8524}.Release|x86.Build.0 = Release|Win32
		{C0F7AE4B-840B-45FB-9447-F19D867D469A}.Debug|x64.ActiveCfg = Debug|x64
		{C0F7AE4B-840B-45FB-9447-F19D867D469A}.Debug|x64.Build.0 = Debug|x64
		{C0F7AE4B-840B-45FB-9447-F19D867D469A}.Debug|x86.ActiveCfg = Debug|Win32
		{C0F7AE4B-840B-45FB-9447-F19D867D469A}.Debug|x86.Build.0 = Debug|Win32
		{C0F7AE4B-840B-45FB-9447-F19D867D469A}.Release|x64.ActiveCfg = Release|x64
		{C0F7AE4B-840B-45FB-9447-F19D867D469A}.Release|x64.Build.0 = Release|x64
		{C0F7AE4B-840B-45FB-9447-F19D867D469A}.Release|x86.ActiveCfg = Release|Win32
		{C0F7AE4B-840B-45FB-9447-F19D867D469A}.Release|x86.Build.0 = Release|Win32
		{477092F2-23B3-4D7A-9574-1E1D2A7A692D}.Debug|x64.ActiveCfg = Debug|x64
		{477092F2-23B3-4D7A-9574-1E1D2A7A692D}.Debug|x64.Build.0 = Debug|x64
		{477092F2-23B3-4D7A-9574-1E1D2A7A692D}.Debug|x86.ActiveCfg = Debug|Win32
		{477092F2-23B3-4D7A-9574-1E1D2A7A692D}.Debug|x86.Build.0 = Debug|Win32
		{477092F2-23B3-4D7A-9574-1E1D2A7A692D}.Release|x64.ActiveCfg = Release|x64
		{477092F2-23B3-4D7A-9574-1E1D2A7A692D}.Release|x64.Build.0 = Release|x64
		{477092F2-23B3-4D7A-9574-1E1D2A7A692D}.Release|x86.ActiveCfg = Release|Win32
		{477092F2-23B3-4D7A-9574-1E1D2A7A692D}.Release|x86.Build.0 = Release|Win32
		{F4E62D3D-4A5C-4D39-9E1B-B0017B2CC73B}.Debug|x64.ActiveCfg = Debug|x64
		{F4E62D3D-4A5C-4D39-9E1B-B0017B2CC73B}.Debug|x64.Build.0 = Debug|x64
		{F4E62D3D-4A5C-4D39-9E1B-B0017B2CC73B}.Debug|x86.ActiveCfg = Debug|Win32
		{F4E62D3D-4A5C-4D39-9E1B-B0017B2CC73B}.Debug|x86.Build.0 = Debug|Win32
		{F4E62D3D-4A5C-4D39-9E1B-B0017B2CC73B}.Release|x64.ActiveCfg = Release|x64
		{F4E62D3D-4A5C-4D39-9E1B-B0017B2CC73B}.Release|x64.Build.0 = Release|x64
		{F4E62D3D-4A5C-4D39-9E1B-B0017B2CC73B}.Release|x86.ActiveCfg = Release|Win32
		{F4E62D3D-4A5C-4D39-9E1B-B0017B2CC73B}.Release|x86.Build.0 = Release|Win32
		{37D40350-DDE6-4385-96A9-695FA09CD288}.Debug|x64.ActiveCfg = Debug|x64
		{37D40350-DDE6-4385-96A9-695FA09CD288}.Debug|x64.Build.0 = Debug|x64
		{37D40350-DDE6-4385-96A9-695FA09CD288}.Debug|x86.ActiveCfg = Debug|Win32
		{37D40350-DDE6-4385-96A9-695FA09CD288}.Debug|x86.Build.0 = Debug|Win32
		{37D40350-DDE6-4385-96A9-695FA09CD288}.Release|x64.ActiveCfg = Release|x64
		{37D40350-DDE6-4385-96A9-695FA09CD288}.Release|x64.Build.0 = Release|x64
		{37D40350-DDE6-4385-96A9-695FA09CD288}.Release|x86.ActiveCfg = Release|Win32
		{37D40350-DDE6-4385-96A9-695FA09CD288}.Release|x86.Build.0 = Release|Win32
		{17A5A476-4685-4041-9413-BE6D07158E54}.Debug|x64.ActiveCfg = Debug|x64
		{17A5A476-4685-4041-9413-BE6D07158E54}.Debug|x64.Build.0 = Debug|x64
		{17A5A476-4685-4041-9413-BE6D07158E54}.Debug|x86.ActiveCfg = Debug|Win32
		{17A5A476-4685-4041-9413-BE6D07158E54}.Debug|x86.Build.0 = Debug|Win32
		{17A5A476-4685-4041-9413-BE6D07158E54}.Release|x64.ActiveCfg = Release|x64
		{17A5A476-4685-4041-9413-BE6D07158E54}.Release|x64.Build.0 = Release|x64
		{17A5A476-4685-4041-9413-BE6D07158E54}.Release|x86.ActiveCfg = Release|Win32
		{17A5A476-4685-4041-9413-BE6D07158E54}.Release|x86.Build.0 = Release|Win32
	EndGlobalSection
	GlobalSection(SolutionProperties) = preSolution
		HideSolutionNode = FALSE
	EndGlobalSection
	GlobalSection(ExtensibilityGlobals) = postSolution
		SolutionGuid = {ED806232-74C0-434F-8216-C2F46C215813}
	EndGlobalSection
EndGlobal
