<?xml version="1.0" encoding="utf-8"?>
<Project ToolsVersion="4.0" xmlns="http://schemas.microsoft.com/developer/msbuild/2003">
  <ItemGroup>
    <Filter Include="소스 파일">
      <UniqueIdentifier>{4FC737F1-C7A5-4376-A066-2A32D752A2FF}</UniqueIdentifier>
      <Extensions>cpp;c;cc;cxx;c++;cppm;ixx;def;odl;idl;hpj;bat;asm;asmx</Extensions>
    </Filter>
    <Filter Include="헤더 파일">
      <UniqueIdentifier>{93995380-89BD-4b04-88EB-625FBE52EBFB}</UniqueIdentifier>
      <Extensions>h;hh;hpp;hxx;h++;hm;inl;inc;ipp;xsd</Extensions>
    </Filter>
    <Filter Include="리소스 파일">
      <UniqueIdentifier>{67DA6AB6-F800-4c08-8B7A-83BB121AAD01}</UniqueIdentifier>
      <Extensions>rc;ico;cur;bmp;dlg;rc2;rct;bin;rgs;gif;jpg;jpeg;jpe;resx;tiff;tif;png;wav;mfcribbon-ms</Extensions>
    </Filter>
  </ItemGroup>
  <ItemGroup>
    <ClCompile Include="1602.c">
      <Filter>소스 파일</Filter>
    </ClCompile>
    <ClCompile Include="1603.c">
      <Filter>소스 파일</Filter>
    </ClCompile>
    <ClCompile Include="1609.c">
      <Filter>소스 파일</Filter>
    </ClCompile>
    <ClCompile Include="1611.c">
      <Filter>소스 파일</Filter>
    </ClCompile>
    <ClCompile Include="1612.c">
      <Filter>소스 파일</Filter>
    </ClCompile>
    <ClCompile Include="1617.c">
      <Filter>소스 파일</Filter>
    </ClCompile>
    <ClCompile Include="1501.c">
      <Filter>소스 파일</Filter>
    </ClCompile>
    <ClCompile Include="1502.c">
      <Filter>소스 파일</Filter>
    </ClCompile>
    <ClCompile Include="1505.c">
      <Filter>소스 파일</Filter>
    </ClCompile>
    <ClCompile Include="1507.c">
      <Filter>소스 파일</Filter>
    </ClCompile>
    <ClCompile Include="1508.c">
      <Filter>소스 파일</Filter>
    </ClCompile>
    <ClCompile Include="1510.c">
      <Filter>소스 파일</Filter>
    </ClCompile>
    <ClCompile Include="1402.c">
      <Filter>소스 파일</Filter>
    </ClCompile>
    <ClCompile Include="1404.c">
      <Filter>소스 파일</Filter>
    </ClCompile>
    <ClCompile Include="1405.c">
      <Filter>소스 파일</Filter>
    </ClCompile>
    <ClCompile Include="1413.c">
      <Filter>소스 파일</Filter>
    </ClCompile>
    <ClCompile Include="1302.c">
      <Filter>소스 파일</Filter>
    </ClCompile>
    <ClCompile Include="1304.c">
      <Filter>소스 파일</Filter>
    </ClCompile>
    <ClCompile Include="1307.c">
      <Filter>소스 파일</Filter>
    </ClCompile>
    <ClCompile Include="1310.c">
      <Filter>소스 파일</Filter>
    </ClCompile>
    <ClCompile Include="1311.c">
      <Filter>소스 파일</Filter>
    </ClCompile>
    <ClCompile Include="1314.c">
      <Filter>소스 파일</Filter>
    </ClCompile>
    <ClCompile Include="1201.c">
      <Filter>소스 파일</Filter>
    </ClCompile>
    <ClCompile Include="1208.c">
      <Filter>소스 파일</Filter>
    </ClCompile>
    <ClCompile Include="1209.c">
      <Filter>소스 파일</Filter>
    </ClCompile>
    <ClCompile Include="1109.c">
      <Filter>소스 파일</Filter>
    </ClCompile>
    <ClCompile Include="1114.c">
      <Filter>소스 파일</Filter>
    </ClCompile>
    <ClCompile Include="1116.c">
      <Filter>소스 파일</Filter>
    </ClCompile>
  </ItemGroup>
  <ItemGroup>
    <None Include="1506.c">
      <Filter>소스 파일</Filter>
    </None>
  </ItemGroup>
</Project>