
Microsoft Visual Studio Solution File, Format Version 12.00
# Visual Studio Version 16
VisualStudioVersion = 16.0.31019.35
MinimumVisualStudioVersion = 10.0.40219.1
Project("{8BC9CEB8-8B4A-11D0-8D11-00A0C91BC942}") = "CodeUP1-30", "CodeUP.vcxproj", "{5BA6679C-862C-4F22-8FF4-67E3F82FE246}"
EndProject
Project("{8BC9CEB8-8B4A-11D0-8D11-00A0C91BC942}") = "CodeUP31-52", "..\CodeUP31-60\CodeUP31-60.vcxproj", "{F8FAC151-C4E5-4DCA-8D39-93B1939A006D}"
EndProject
Project("{8BC9CEB8-8B4A-11D0-8D11-00A0C91BC942}") = "CodeUp53-77", "..\CodeUp53-77\CodeUp53-77.vcxproj", "{E2B364BA-7871-4491-AB11-16CB14FDA094}"
EndProject
Global
	GlobalSection(SolutionConfigurationPlatforms) = preSolution
		Debug|x64 = Debug|x64
		Debug|x86 = Debug|x86
		Release|x64 = Release|x64
		Release|x86 = Release|x86
	EndGlobalSection
	GlobalSection(ProjectConfigurationPlatforms) = postSolution
		{5BA6679C-862C-4F22-8FF4-67E3F82FE246}.Debug|x64.ActiveCfg = Debug|x64
		{5BA6679C-862C-4F22-8FF4-67E3F82FE246}.Debug|x64.Build.0 = Debug|x64
		{5BA6679C-862C-4F22-8FF4-67E3F82FE246}.Debug|x86.ActiveCfg = Debug|Win32
		{5BA6679C-862C-4F22-8FF4-67E3F82FE246}.Debug|x86.Build.0 = Debug|Win32
		{5BA6679C-862C-4F22-8FF4-67E3F82FE246}.Release|x64.ActiveCfg = Release|x64
		{5BA6679C-862C-4F22-8FF4-67E3F82FE246}.Release|x64.Build.0 = Release|x64
		{5BA6679C-862C-4F22-8FF4-67E3F82FE246}.Release|x86.ActiveCfg = Release|Win32
		{5BA6679C-862C-4F22-8FF4-67E3F82FE246}.Release|x86.Build.0 = Release|Win32
		{F8FAC151-C4E5-4DCA-8D39-93B1939A006D}.Debug|x64.ActiveCfg = Debug|x64
		{F8FAC151-C4E5-4DCA-8D39-93B1939A006D}.Debug|x64.Build.0 = Debug|x64
		{F8FAC151-C4E5-4DCA-8D39-93B1939A006D}.Debug|x86.ActiveCfg = Debug|Win32
		{F8FAC151-C4E5-4DCA-8D39-93B1939A006D}.Debug|x86.Build.0 = Debug|Win32
		{F8FAC151-C4E5-4DCA-8D39-93B1939A006D}.Release|x64.ActiveCfg = Release|x64
		{F8FAC151-C4E5-4DCA-8D39-93B1939A006D}.Release|x64.Build.0 = Release|x64
		{F8FAC151-C4E5-4DCA-8D39-93B1939A006D}.Release|x86.ActiveCfg = Release|Win32
		{F8FAC151-C4E5-4DCA-8D39-93B1939A006D}.Release|x86.Build.0 = Release|Win32
		{E2B364BA-7871-4491-AB11-16CB14FDA094}.Debug|x64.ActiveCfg = Debug|x64
		{E2B364BA-7871-4491-AB11-16CB14FDA094}.Debug|x64.Build.0 = Debug|x64
		{E2B364BA-7871-4491-AB11-16CB14FDA094}.Debug|x86.ActiveCfg = Debug|Win32
		{E2B364BA-7871-4491-AB11-16CB14FDA094}.Debug|x86.Build.0 = Debug|Win32
		{E2B364BA-7871-4491-AB11-16CB14FDA094}.Release|x64.ActiveCfg = Release|x64
		{E2B364BA-7871-4491-AB11-16CB14FDA094}.Release|x64.Build.0 = Release|x64
		{E2B364BA-7871-4491-AB11-16CB14FDA094}.Release|x86.ActiveCfg = Release|Win32
		{E2B364BA-7871-4491-AB11-16CB14FDA094}.Release|x86.Build.0 = Release|Win32
	EndGlobalSection
	GlobalSection(SolutionProperties) = preSolution
		HideSolutionNode = FALSE
	EndGlobalSection
	GlobalSection(ExtensibilityGlobals) = postSolution
		SolutionGuid = {095E5E36-C85D-4F43-ACA3-757D2349234D}
	EndGlobalSection
EndGlobal
