<?xml version="1.0" encoding="utf-8"?>
<Project ToolsVersion="4.0" xmlns="http://schemas.microsoft.com/developer/msbuild/2003">
  <ItemGroup>
    <Filter Include="소스 파일">
      <UniqueIdentifier>{4FC737F1-C7A5-4376-A066-2A32D752A2FF}</UniqueIdentifier>
      <Extensions>cpp;c;cc;cxx;c++;cppm;ixx;def;odl;idl;hpj;bat;asm;asmx</Extensions>
    </Filter>
    <Filter Include="헤더 파일">
      <UniqueIdentifier>{93995380-89BD-4b04-88EB-625FBE52EBFB}</UniqueIdentifier>
      <Extensions>h;hh;hpp;hxx;h++;hm;inl;inc;ipp;xsd</Extensions>
    </Filter>
    <Filter Include="리소스 파일">
      <UniqueIdentifier>{67DA6AB6-F800-4c08-8B7A-83BB121AAD01}</UniqueIdentifier>
      <Extensions>rc;ico;cur;bmp;dlg;rc2;rct;bin;rgs;gif;jpg;jpeg;jpe;resx;tiff;tif;png;wav;mfcribbon-ms</Extensions>
    </Filter>
  </ItemGroup>
  <ItemGroup>
    <ClCompile Include="ex01.c">
      <Filter>소스 파일</Filter>
    </ClCompile>
    <ClCompile Include="ex02_recursive_factorial.c">
      <Filter>소스 파일</Filter>
    </ClCompile>
    <ClCompile Include="ex05_heap_sort.c">
      <Filter>소스 파일</Filter>
    </ClCompile>
    <ClCompile Include="ex06_binarytree_inorder.c">
      <Filter>소스 파일</Filter>
    </ClCompile>
    <ClCompile Include="ex07_binarytree_postorder.c">
      <Filter>소스 파일</Filter>
    </ClCompile>
    <ClCompile Include="ex08_file.c">
      <Filter>소스 파일</Filter>
    </ClCompile>
    <ClCompile Include="ex09_11_stack.c">
      <Filter>소스 파일</Filter>
    </ClCompile>
    <ClCompile Include="ex12_height_weight.c">
      <Filter>소스 파일</Filter>
    </ClCompile>
    <ClCompile Include="ex13_pointer.c">
      <Filter>소스 파일</Filter>
    </ClCompile>
    <ClCompile Include="ex14.c">
      <Filter>소스 파일</Filter>
    </ClCompile>
    <ClCompile Include="ex15_sort.c">
      <Filter>소스 파일</Filter>
    </ClCompile>
    <ClCompile Include="ex16_print_triangle.c">
      <Filter>소스 파일</Filter>
    </ClCompile>
    <ClCompile Include="ex17.c">
      <Filter>소스 파일</Filter>
    </ClCompile>
    <ClCompile Include="ex18.c">
      <Filter>소스 파일</Filter>
    </ClCompile>
    <ClCompile Include="ex19_bit_operator.c">
      <Filter>소스 파일</Filter>
    </ClCompile>
    <ClCompile Include="ex20_bit_operator.c">
      <Filter>소스 파일</Filter>
    </ClCompile>
    <ClCompile Include="ex21_binaryToDecimal.c">
      <Filter>소스 파일</Filter>
    </ClCompile>
    <ClCompile Include="ex22.c">
      <Filter>소스 파일</Filter>
    </ClCompile>
    <ClCompile Include="ex23.c">
      <Filter>소스 파일</Filter>
    </ClCompile>
    <ClCompile Include="ex24.c">
      <Filter>소스 파일</Filter>
    </ClCompile>
    <ClCompile Include="ex25.c">
      <Filter>소스 파일</Filter>
    </ClCompile>
    <ClCompile Include="ex26.c">
      <Filter>소스 파일</Filter>
    </ClCompile>
    <ClCompile Include="ex27.c">
      <Filter>소스 파일</Filter>
    </ClCompile>
    <ClCompile Include="ex28.c">
      <Filter>소스 파일</Filter>
    </ClCompile>
    <ClCompile Include="ex29.c">
      <Filter>소스 파일</Filter>
    </ClCompile>
    <ClCompile Include="ex30.c">
      <Filter>소스 파일</Filter>
    </ClCompile>
  </ItemGroup>
</Project>